
Microsoft Visual Studio Solution File, Format Version 12.00
# Visual Studio Version 17
VisualStudioVersion = 17.0.31903.59
MinimumVisualStudioVersion = 10.0.40219.1
Project("{2150E333-8FDC-42A3-9474-1A3956D46DE8}") = "src", "src", "{827E0CD3-B72D-47B6-A68D-7590B98EB39B}"
EndProject
Project("{2150E333-8FDC-42A3-9474-1A3956D46DE8}") = "Bootstrap", "Bootstrap", "{12A084A0-B93E-423A-6F6B-2DD437B5DD75}"
EndProject
Project("{FAE04EC0-301F-11D3-BF4B-00C04F79EFBC}") = "PersonalFinance.Api", "src\Bootstrap\PersonalFinance.Api\PersonalFinance.Api.csproj", "{4946C256-AC39-4595-96B7-F8CC7D298532}"
EndProject
Project("{2150E333-8FDC-42A3-9474-1A3956D46DE8}") = "Shared", "Shared", "{C8E42992-5E42-0C2B-DBFE-AA848D06431C}"
EndProject
Project("{FAE04EC0-301F-11D3-BF4B-00C04F79EFBC}") = "PersonalFinance.Abstractions", "src\Shared\PersonalFinance.Abstractions\PersonalFinance.Abstractions.csproj", "{C8A0E64A-9C96-4F28-870E-1B1C1735D895}"
EndProject
Project("{FAE04EC0-301F-11D3-BF4B-00C04F79EFBC}") = "PersonalFinance.SharedKernel", "src\Shared\PersonalFinance.SharedKernel\PersonalFinance.SharedKernel.csproj", "{BEAC1EA7-6E71-429D-A43D-A193158DC30A}"
EndProject
Project("{FAE04EC0-301F-11D3-BF4B-00C04F79EFBC}") = "PersonalFinance.Infrastructure", "src\Shared\PersonalFinance.Infrastructure\PersonalFinance.Infrastructure.csproj", "{8021B683-BD8C-4955-BC54-3F3A94498AEB}"
EndProject
Project("{2150E333-8FDC-42A3-9474-1A3956D46DE8}") = "Modules", "Modules", "{24F419E3-6BC9-427E-BC3C-9EEE7BF7E1B2}"
EndProject
Project("{2150E333-8FDC-42A3-9474-1A3956D46DE8}") = "Ledger", "Ledger", "{7B66EE4D-3EFE-4C38-AF85-29EEBC738EBE}"
EndProject
Project("{2150E333-8FDC-42A3-9474-1A3956D46DE8}") = "tests", "tests", "{BA796319-ED73-4D4D-B4F1-4DCE4EA76513}"
EndProject
Project("{FAE04EC0-301F-11D3-BF4B-00C04F79EFBC}") = "PersonalFinance.Ledger.Contracts", "src\Modules\Ledger\PersonalFinance.Ledger.Contracts\PersonalFinance.Ledger.Contracts.csproj", "{BB182982-8CBE-430C-B1AA-45E9EFEDA61C}"
EndProject
Project("{FAE04EC0-301F-11D3-BF4B-00C04F79EFBC}") = "PersonalFinance.Ledger", "src\Modules\Ledger\PersonalFinance.Ledger\PersonalFinance.Ledger.csproj", "{A3C4BE81-F55D-4396-A988-C9D3BCE3245A}"
EndProject
Project("{FAE04EC0-301F-11D3-BF4B-00C04F79EFBC}") = "PersonalFinance.Ledger.Tests", "tests\PersonalFinance.Ledger.Tests\PersonalFinance.Ledger.Tests.csproj", "{BBAE9D5F-104B-4E67-A713-9984A476D073}"
EndProject
Project("{2150E333-8FDC-42A3-9474-1A3956D46DE8}") = "Financing", "Financing", "{759E26B4-186F-7423-2DD4-7306E18692EE}"
EndProject
Project("{FAE04EC0-301F-11D3-BF4B-00C04F79EFBC}") = "PersonalFinance.Financing.Contracts", "src\Modules\Financing\PersonalFinance.Financing.Contracts\PersonalFinance.Financing.Contracts.csproj", "{92AC2DF5-E06E-430C-8D86-85149673A61F}"
EndProject
Project("{FAE04EC0-301F-11D3-BF4B-00C04F79EFBC}") = "PersonalFinance.Financing", "src\Modules\Financing\PersonalFinance.Financing\PersonalFinance.Financing.csproj", "{4FDD22C4-5F73-4978-80F9-1B503B025BCE}"
EndProject
Project("{FAE04EC0-301F-11D3-BF4B-00C04F79EFBC}") = "PersonalFinance.Financing.Tests", "tests\PersonalFinance.Financing.Tests\PersonalFinance.Financing.Tests.csproj", "{DD92EBCE-5980-466F-AC7A-EE48B8836887}"
EndProject
Project("{FAE04EC0-301F-11D3-BF4B-00C04F79EFBC}") = "PersonalFinance.Architecture.Tests", "tests\PersonalFinance.Architecture.Tests\PersonalFinance.Architecture.Tests.csproj", "{2E490EAD-8534-4E94-B925-F0C6CD4BCEA4}"
EndProject
Project("{2150E333-8FDC-42A3-9474-1A3956D46DE8}") = "Subscriptions", "Subscriptions", "{61DF3A5F-ECAF-FD9D-AE18-84CDACBA460C}"
EndProject
Project("{FAE04EC0-301F-11D3-BF4B-00C04F79EFBC}") = "PersonalFinance.Subscriptions.Contracts", "src\Modules\Subscriptions\PersonalFinance.Subscriptions.Contracts\PersonalFinance.Subscriptions.Contracts.csproj", "{970497CD-E9E6-4599-8162-DA53ABBE9A19}"
EndProject
Project("{FAE04EC0-301F-11D3-BF4B-00C04F79EFBC}") = "PersonalFinance.Subscriptions", "src\Modules\Subscriptions\PersonalFinance.Subscriptions\PersonalFinance.Subscriptions.csproj", "{A7A09A24-91E8-4D30-94C5-4339581D5218}"
EndProject
Project("{FAE04EC0-301F-11D3-BF4B-00C04F79EFBC}") = "PersonalFinance.Subscriptions.Tests", "tests\PersonalFinance.Subscriptions.Tests\PersonalFinance.Subscriptions.Tests.csproj", "{29774822-2F74-4489-BD12-BD322D463CC6}"
EndProject
Project("{2150E333-8FDC-42A3-9474-1A3956D46DE8}") = "Parties", "Parties", "{E2478613-D002-58B8-53D0-493BAC2DAABE}"
EndProject
Project("{FAE04EC0-301F-11D3-BF4B-00C04F79EFBC}") = "PersonalFinance.Parties.Contracts", "src\Modules\Parties\PersonalFinance.Parties.Contracts\PersonalFinance.Parties.Contracts.csproj", "{A27B35E7-2639-4BA8-AA8E-C342EEB8CC8E}"
EndProject
Project("{FAE04EC0-301F-11D3-BF4B-00C04F79EFBC}") = "PersonalFinance.Parties", "src\Modules\Parties\PersonalFinance.Parties\PersonalFinance.Parties.csproj", "{5D81BA5D-0F6E-460F-B2B0-80CDCACE5423}"
EndProject
Project("{FAE04EC0-301F-11D3-BF4B-00C04F79EFBC}") = "PersonalFinance.Parties.Tests", "tests\PersonalFinance.Parties.Tests\PersonalFinance.Parties.Tests.csproj", "{9F58BE17-9762-4A83-BD72-225403399E40}"
EndProject
Project("{2150E333-8FDC-42A3-9474-1A3956D46DE8}") = "Reporting", "Reporting", "{BF6A204B-50D0-4CC3-9436-D55429062ED2}"
EndProject
Project("{FAE04EC0-301F-11D3-BF4B-00C04F79EFBC}") = "PersonalFinance.Reporting", "src\Reporting\PersonalFinance.Reporting\PersonalFinance.Reporting.csproj", "{5F6BB69E-025A-496C-903C-2AAEDED4AB57}"
EndProject
Project("{FAE04EC0-301F-11D3-BF4B-00C04F79EFBC}") = "PersonalFinance.Reporting.Tests", "tests\PersonalFinance.Reporting.Tests\PersonalFinance.Reporting.Tests.csproj", "{56E2B1EC-BA4F-42CC-AD7B-1063C656705C}"
EndProject
Project("{FAE04EC0-301F-11D3-BF4B-00C04F79EFBC}") = "PersonalFinance.Api.Tests", "tests\PersonalFinance.Api.Tests\PersonalFinance.Api.Tests.csproj", "{D5613D8C-9166-42A5-AAE6-6D97245CE252}"
EndProject
Global
	GlobalSection(SolutionConfigurationPlatforms) = preSolution
		Debug|Any CPU = Debug|Any CPU
		Debug|x64 = Debug|x64
		Debug|x86 = Debug|x86
		Release|Any CPU = Release|Any CPU
		Release|x64 = Release|x64
		Release|x86 = Release|x86
	EndGlobalSection
	GlobalSection(ProjectConfigurationPlatforms) = postSolution
		{4946C256-AC39-4595-96B7-F8CC7D298532}.Debug|Any CPU.ActiveCfg = Debug|Any CPU
		{4946C256-AC39-4595-96B7-F8CC7D298532}.Debug|Any CPU.Build.0 = Debug|Any CPU
		{4946C256-AC39-4595-96B7-F8CC7D298532}.Debug|x64.ActiveCfg = Debug|Any CPU
		{4946C256-AC39-4595-96B7-F8CC7D298532}.Debug|x64.Build.0 = Debug|Any CPU
		{4946C256-AC39-4595-96B7-F8CC7D298532}.Debug|x86.ActiveCfg = Debug|Any CPU
		{4946C256-AC39-4595-96B7-F8CC7D298532}.Debug|x86.Build.0 = Debug|Any CPU
		{4946C256-AC39-4595-96B7-F8CC7D298532}.Release|Any CPU.ActiveCfg = Release|Any CPU
		{4946C256-AC39-4595-96B7-F8CC7D298532}.Release|Any CPU.Build.0 = Release|Any CPU
		{4946C256-AC39-4595-96B7-F8CC7D298532}.Release|x64.ActiveCfg = Release|Any CPU
		{4946C256-AC39-4595-96B7-F8CC7D298532}.Release|x64.Build.0 = Release|Any CPU
		{4946C256-AC39-4595-96B7-F8CC7D298532}.Release|x86.ActiveCfg = Release|Any CPU
		{4946C256-AC39-4595-96B7-F8CC7D298532}.Release|x86.Build.0 = Release|Any CPU
		{C8A0E64A-9C96-4F28-870E-1B1C1735D895}.Debug|Any CPU.ActiveCfg = Debug|Any CPU
		{C8A0E64A-9C96-4F28-870E-1B1C1735D895}.Debug|Any CPU.Build.0 = Debug|Any CPU
		{C8A0E64A-9C96-4F28-870E-1B1C1735D895}.Debug|x64.ActiveCfg = Debug|Any CPU
		{C8A0E64A-9C96-4F28-870E-1B1C1735D895}.Debug|x64.Build.0 = Debug|Any CPU
		{C8A0E64A-9C96-4F28-870E-1B1C1735D895}.Debug|x86.ActiveCfg = Debug|Any CPU
		{C8A0E64A-9C96-4F28-870E-1B1C1735D895}.Debug|x86.Build.0 = Debug|Any CPU
		{C8A0E64A-9C96-4F28-870E-1B1C1735D895}.Release|Any CPU.ActiveCfg = Release|Any CPU
		{C8A0E64A-9C96-4F28-870E-1B1C1735D895}.Release|Any CPU.Build.0 = Release|Any CPU
		{C8A0E64A-9C96-4F28-870E-1B1C1735D895}.Release|x64.ActiveCfg = Release|Any CPU
		{C8A0E64A-9C96-4F28-870E-1B1C1735D895}.Release|x64.Build.0 = Release|Any CPU
		{C8A0E64A-9C96-4F28-870E-1B1C1735D895}.Release|x86.ActiveCfg = Release|Any CPU
		{C8A0E64A-9C96-4F28-870E-1B1C1735D895}.Release|x86.Build.0 = Release|Any CPU
		{BEAC1EA7-6E71-429D-A43D-A193158DC30A}.Debug|Any CPU.ActiveCfg = Debug|Any CPU
		{BEAC1EA7-6E71-429D-A43D-A193158DC30A}.Debug|Any CPU.Build.0 = Debug|Any CPU
		{BEAC1EA7-6E71-429D-A43D-A193158DC30A}.Debug|x64.ActiveCfg = Debug|Any CPU
		{BEAC1EA7-6E71-429D-A43D-A193158DC30A}.Debug|x64.Build.0 = Debug|Any CPU
		{BEAC1EA7-6E71-429D-A43D-A193158DC30A}.Debug|x86.ActiveCfg = Debug|Any CPU
		{BEAC1EA7-6E71-429D-A43D-A193158DC30A}.Debug|x86.Build.0 = Debug|Any CPU
		{BEAC1EA7-6E71-429D-A43D-A193158DC30A}.Release|Any CPU.ActiveCfg = Release|Any CPU
		{BEAC1EA7-6E71-429D-A43D-A193158DC30A}.Release|Any CPU.Build.0 = Release|Any CPU
		{BEAC1EA7-6E71-429D-A43D-A193158DC30A}.Release|x64.ActiveCfg = Release|Any CPU
		{BEAC1EA7-6E71-429D-A43D-A193158DC30A}.Release|x64.Build.0 = Release|Any CPU
		{BEAC1EA7-6E71-429D-A43D-A193158DC30A}.Release|x86.ActiveCfg = Release|Any CPU
		{BEAC1EA7-6E71-429D-A43D-A193158DC30A}.Release|x86.Build.0 = Release|Any CPU
		{8021B683-BD8C-4955-BC54-3F3A94498AEB}.Debug|Any CPU.ActiveCfg = Debug|Any CPU
		{8021B683-BD8C-4955-BC54-3F3A94498AEB}.Debug|Any CPU.Build.0 = Debug|Any CPU
		{8021B683-BD8C-4955-BC54-3F3A94498AEB}.Debug|x64.ActiveCfg = Debug|Any CPU
		{8021B683-BD8C-4955-BC54-3F3A94498AEB}.Debug|x64.Build.0 = Debug|Any CPU
		{8021B683-BD8C-4955-BC54-3F3A94498AEB}.Debug|x86.ActiveCfg = Debug|Any CPU
		{8021B683-BD8C-4955-BC54-3F3A94498AEB}.Debug|x86.Build.0 = Debug|Any CPU
		{8021B683-BD8C-4955-BC54-3F3A94498AEB}.Release|Any CPU.ActiveCfg = Release|Any CPU
		{8021B683-BD8C-4955-BC54-3F3A94498AEB}.Release|Any CPU.Build.0 = Release|Any CPU
		{8021B683-BD8C-4955-BC54-3F3A94498AEB}.Release|x64.ActiveCfg = Release|Any CPU
		{8021B683-BD8C-4955-BC54-3F3A94498AEB}.Release|x64.Build.0 = Release|Any CPU
		{8021B683-BD8C-4955-BC54-3F3A94498AEB}.Release|x86.ActiveCfg = Release|Any CPU
		{8021B683-BD8C-4955-BC54-3F3A94498AEB}.Release|x86.Build.0 = Release|Any CPU
		{BB182982-8CBE-430C-B1AA-45E9EFEDA61C}.Debug|Any CPU.ActiveCfg = Debug|Any CPU
		{BB182982-8CBE-430C-B1AA-45E9EFEDA61C}.Debug|Any CPU.Build.0 = Debug|Any CPU
		{BB182982-8CBE-430C-B1AA-45E9EFEDA61C}.Debug|x64.ActiveCfg = Debug|Any CPU
		{BB182982-8CBE-430C-B1AA-45E9EFEDA61C}.Debug|x64.Build.0 = Debug|Any CPU
		{BB182982-8CBE-430C-B1AA-45E9EFEDA61C}.Debug|x86.ActiveCfg = Debug|Any CPU
		{BB182982-8CBE-430C-B1AA-45E9EFEDA61C}.Debug|x86.Build.0 = Debug|Any CPU
		{BB182982-8CBE-430C-B1AA-45E9EFEDA61C}.Release|Any CPU.ActiveCfg = Release|Any CPU
		{BB182982-8CBE-430C-B1AA-45E9EFEDA61C}.Release|Any CPU.Build.0 = Release|Any CPU
		{BB182982-8CBE-430C-B1AA-45E9EFEDA61C}.Release|x64.ActiveCfg = Release|Any CPU
		{BB182982-8CBE-430C-B1AA-45E9EFEDA61C}.Release|x64.Build.0 = Release|Any CPU
		{BB182982-8CBE-430C-B1AA-45E9EFEDA61C}.Release|x86.ActiveCfg = Release|Any CPU
		{BB182982-8CBE-430C-B1AA-45E9EFEDA61C}.Release|x86.Build.0 = Release|Any CPU
		{A3C4BE81-F55D-4396-A988-C9D3BCE3245A}.Debug|Any CPU.ActiveCfg = Debug|Any CPU
		{A3C4BE81-F55D-4396-A988-C9D3BCE3245A}.Debug|Any CPU.Build.0 = Debug|Any CPU
		{A3C4BE81-F55D-4396-A988-C9D3BCE3245A}.Debug|x64.ActiveCfg = Debug|Any CPU
		{A3C4BE81-F55D-4396-A988-C9D3BCE3245A}.Debug|x64.Build.0 = Debug|Any CPU
		{A3C4BE81-F55D-4396-A988-C9D3BCE3245A}.Debug|x86.ActiveCfg = Debug|Any CPU
		{A3C4BE81-F55D-4396-A988-C9D3BCE3245A}.Debug|x86.Build.0 = Debug|Any CPU
		{A3C4BE81-F55D-4396-A988-C9D3BCE3245A}.Release|Any CPU.ActiveCfg = Release|Any CPU
		{A3C4BE81-F55D-4396-A988-C9D3BCE3245A}.Release|Any CPU.Build.0 = Release|Any CPU
		{A3C4BE81-F55D-4396-A988-C9D3BCE3245A}.Release|x64.ActiveCfg = Release|Any CPU
		{A3C4BE81-F55D-4396-A988-C9D3BCE3245A}.Release|x64.Build.0 = Release|Any CPU
		{A3C4BE81-F55D-4396-A988-C9D3BCE3245A}.Release|x86.ActiveCfg = Release|Any CPU
		{A3C4BE81-F55D-4396-A988-C9D3BCE3245A}.Release|x86.Build.0 = Release|Any CPU
		{BBAE9D5F-104B-4E67-A713-9984A476D073}.Debug|Any CPU.ActiveCfg = Debug|Any CPU
		{BBAE9D5F-104B-4E67-A713-9984A476D073}.Debug|Any CPU.Build.0 = Debug|Any CPU
		{BBAE9D5F-104B-4E67-A713-9984A476D073}.Debug|x64.ActiveCfg = Debug|Any CPU
		{BBAE9D5F-104B-4E67-A713-9984A476D073}.Debug|x64.Build.0 = Debug|Any CPU
		{BBAE9D5F-104B-4E67-A713-9984A476D073}.Debug|x86.ActiveCfg = Debug|Any CPU
		{BBAE9D5F-104B-4E67-A713-9984A476D073}.Debug|x86.Build.0 = Debug|Any CPU
		{BBAE9D5F-104B-4E67-A713-9984A476D073}.Release|Any CPU.ActiveCfg = Release|Any CPU
		{BBAE9D5F-104B-4E67-A713-9984A476D073}.Release|Any CPU.Build.0 = Release|Any CPU
		{BBAE9D5F-104B-4E67-A713-9984A476D073}.Release|x64.ActiveCfg = Release|Any CPU
		{BBAE9D5F-104B-4E67-A713-9984A476D073}.Release|x64.Build.0 = Release|Any CPU
		{BBAE9D5F-104B-4E67-A713-9984A476D073}.Release|x86.ActiveCfg = Release|Any CPU
		{BBAE9D5F-104B-4E67-A713-9984A476D073}.Release|x86.Build.0 = Release|Any CPU
		{92AC2DF5-E06E-430C-8D86-85149673A61F}.Debug|Any CPU.ActiveCfg = Debug|Any CPU
		{92AC2DF5-E06E-430C-8D86-85149673A61F}.Debug|Any CPU.Build.0 = Debug|Any CPU
		{92AC2DF5-E06E-430C-8D86-85149673A61F}.Debug|x64.ActiveCfg = Debug|Any CPU
		{92AC2DF5-E06E-430C-8D86-85149673A61F}.Debug|x64.Build.0 = Debug|Any CPU
		{92AC2DF5-E06E-430C-8D86-85149673A61F}.Debug|x86.ActiveCfg = Debug|Any CPU
		{92AC2DF5-E06E-430C-8D86-85149673A61F}.Debug|x86.Build.0 = Debug|Any CPU
		{92AC2DF5-E06E-430C-8D86-85149673A61F}.Release|Any CPU.ActiveCfg = Release|Any CPU
		{92AC2DF5-E06E-430C-8D86-85149673A61F}.Release|Any CPU.Build.0 = Release|Any CPU
		{92AC2DF5-E06E-430C-8D86-85149673A61F}.Release|x64.ActiveCfg = Release|Any CPU
		{92AC2DF5-E06E-430C-8D86-85149673A61F}.Release|x64.Build.0 = Release|Any CPU
		{92AC2DF5-E06E-430C-8D86-85149673A61F}.Release|x86.ActiveCfg = Release|Any CPU
		{92AC2DF5-E06E-430C-8D86-85149673A61F}.Release|x86.Build.0 = Release|Any CPU
		{4FDD22C4-5F73-4978-80F9-1B503B025BCE}.Debug|Any CPU.ActiveCfg = Debug|Any CPU
		{4FDD22C4-5F73-4978-80F9-1B503B025BCE}.Debug|Any CPU.Build.0 = Debug|Any CPU
		{4FDD22C4-5F73-4978-80F9-1B503B025BCE}.Debug|x64.ActiveCfg = Debug|Any CPU
		{4FDD22C4-5F73-4978-80F9-1B503B025BCE}.Debug|x64.Build.0 = Debug|Any CPU
		{4FDD22C4-5F73-4978-80F9-1B503B025BCE}.Debug|x86.ActiveCfg = Debug|Any CPU
		{4FDD22C4-5F73-4978-80F9-1B503B025BCE}.Debug|x86.Build.0 = Debug|Any CPU
		{4FDD22C4-5F73-4978-80F9-1B503B025BCE}.Release|Any CPU.ActiveCfg = Release|Any CPU
		{4FDD22C4-5F73-4978-80F9-1B503B025BCE}.Release|Any CPU.Build.0 = Release|Any CPU
		{4FDD22C4-5F73-4978-80F9-1B503B025BCE}.Release|x64.ActiveCfg = Release|Any CPU
		{4FDD22C4-5F73-4978-80F9-1B503B025BCE}.Release|x64.Build.0 = Release|Any CPU
		{4FDD22C4-5F73-4978-80F9-1B503B025BCE}.Release|x86.ActiveCfg = Release|Any CPU
		{4FDD22C4-5F73-4978-80F9-1B503B025BCE}.Release|x86.Build.0 = Release|Any CPU
		{DD92EBCE-5980-466F-AC7A-EE48B8836887}.Debug|Any CPU.ActiveCfg = Debug|Any CPU
		{DD92EBCE-5980-466F-AC7A-EE48B8836887}.Debug|Any CPU.Build.0 = Debug|Any CPU
		{DD92EBCE-5980-466F-AC7A-EE48B8836887}.Debug|x64.ActiveCfg = Debug|Any CPU
		{DD92EBCE-5980-466F-AC7A-EE48B8836887}.Debug|x64.Build.0 = Debug|Any CPU
		{DD92EBCE-5980-466F-AC7A-EE48B8836887}.Debug|x86.ActiveCfg = Debug|Any CPU
		{DD92EBCE-5980-466F-AC7A-EE48B8836887}.Debug|x86.Build.0 = Debug|Any CPU
		{DD92EBCE-5980-466F-AC7A-EE48B8836887}.Release|Any CPU.ActiveCfg = Release|Any CPU
		{DD92EBCE-5980-466F-AC7A-EE48B8836887}.Release|Any CPU.Build.0 = Release|Any CPU
		{DD92EBCE-5980-466F-AC7A-EE48B8836887}.Release|x64.ActiveCfg = Release|Any CPU
		{DD92EBCE-5980-466F-AC7A-EE48B8836887}.Release|x64.Build.0 = Release|Any CPU
		{DD92EBCE-5980-466F-AC7A-EE48B8836887}.Release|x86.ActiveCfg = Release|Any CPU
		{DD92EBCE-5980-466F-AC7A-EE48B8836887}.Release|x86.Build.0 = Release|Any CPU
		{2E490EAD-8534-4E94-B925-F0C6CD4BCEA4}.Debug|Any CPU.ActiveCfg = Debug|Any CPU
		{2E490EAD-8534-4E94-B925-F0C6CD4BCEA4}.Debug|Any CPU.Build.0 = Debug|Any CPU
		{2E490EAD-8534-4E94-B925-F0C6CD4BCEA4}.Debug|x64.ActiveCfg = Debug|Any CPU
		{2E490EAD-8534-4E94-B925-F0C6CD4BCEA4}.Debug|x64.Build.0 = Debug|Any CPU
		{2E490EAD-8534-4E94-B925-F0C6CD4BCEA4}.Debug|x86.ActiveCfg = Debug|Any CPU
		{2E490EAD-8534-4E94-B925-F0C6CD4BCEA4}.Debug|x86.Build.0 = Debug|Any CPU
		{2E490EAD-8534-4E94-B925-F0C6CD4BCEA4}.Release|Any CPU.ActiveCfg = Release|Any CPU
		{2E490EAD-8534-4E94-B925-F0C6CD4BCEA4}.Release|Any CPU.Build.0 = Release|Any CPU
		{2E490EAD-8534-4E94-B925-F0C6CD4BCEA4}.Release|x64.ActiveCfg = Release|Any CPU
		{2E490EAD-8534-4E94-B925-F0C6CD4BCEA4}.Release|x64.Build.0 = Release|Any CPU
		{2E490EAD-8534-4E94-B925-F0C6CD4BCEA4}.Release|x86.ActiveCfg = Release|Any CPU
		{2E490EAD-8534-4E94-B925-F0C6CD4BCEA4}.Release|x86.Build.0 = Release|Any CPU
		{970497CD-E9E6-4599-8162-DA53ABBE9A19}.Debug|Any CPU.ActiveCfg = Debug|Any CPU
		{970497CD-E9E6-4599-8162-DA53ABBE9A19}.Debug|Any CPU.Build.0 = Debug|Any CPU
		{970497CD-E9E6-4599-8162-DA53ABBE9A19}.Debug|x64.ActiveCfg = Debug|Any CPU
		{970497CD-E9E6-4599-8162-DA53ABBE9A19}.Debug|x64.Build.0 = Debug|Any CPU
		{970497CD-E9E6-4599-8162-DA53ABBE9A19}.Debug|x86.ActiveCfg = Debug|Any CPU
		{970497CD-E9E6-4599-8162-DA53ABBE9A19}.Debug|x86.Build.0 = Debug|Any CPU
		{970497CD-E9E6-4599-8162-DA53ABBE9A19}.Release|Any CPU.ActiveCfg = Release|Any CPU
		{970497CD-E9E6-4599-8162-DA53ABBE9A19}.Release|Any CPU.Build.0 = Release|Any CPU
		{970497CD-E9E6-4599-8162-DA53ABBE9A19}.Release|x64.ActiveCfg = Release|Any CPU
		{970497CD-E9E6-4599-8162-DA53ABBE9A19}.Release|x64.Build.0 = Release|Any CPU
		{970497CD-E9E6-4599-8162-DA53ABBE9A19}.Release|x86.ActiveCfg = Release|Any CPU
		{970497CD-E9E6-4599-8162-DA53ABBE9A19}.Release|x86.Build.0 = Release|Any CPU
		{A7A09A24-91E8-4D30-94C5-4339581D5218}.Debug|Any CPU.ActiveCfg = Debug|Any CPU
		{A7A09A24-91E8-4D30-94C5-4339581D5218}.Debug|Any CPU.Build.0 = Debug|Any CPU
		{A7A09A24-91E8-4D30-94C5-4339581D5218}.Debug|x64.ActiveCfg = Debug|Any CPU
		{A7A09A24-91E8-4D30-94C5-4339581D5218}.Debug|x64.Build.0 = Debug|Any CPU
		{A7A09A24-91E8-4D30-94C5-4339581D5218}.Debug|x86.ActiveCfg = Debug|Any CPU
		{A7A09A24-91E8-4D30-94C5-4339581D5218}.Debug|x86.Build.0 = Debug|Any CPU
		{A7A09A24-91E8-4D30-94C5-4339581D5218}.Release|Any CPU.ActiveCfg = Release|Any CPU
		{A7A09A24-91E8-4D30-94C5-4339581D5218}.Release|Any CPU.Build.0 = Release|Any CPU
		{A7A09A24-91E8-4D30-94C5-4339581D5218}.Release|x64.ActiveCfg = Release|Any CPU
		{A7A09A24-91E8-4D30-94C5-4339581D5218}.Release|x64.Build.0 = Release|Any CPU
		{A7A09A24-91E8-4D30-94C5-4339581D5218}.Release|x86.ActiveCfg = Release|Any CPU
		{A7A09A24-91E8-4D30-94C5-4339581D5218}.Release|x86.Build.0 = Release|Any CPU
		{29774822-2F74-4489-BD12-BD322D463CC6}.Debug|Any CPU.ActiveCfg = Debug|Any CPU
		{29774822-2F74-4489-BD12-BD322D463CC6}.Debug|Any CPU.Build.0 = Debug|Any CPU
		{29774822-2F74-4489-BD12-BD322D463CC6}.Debug|x64.ActiveCfg = Debug|Any CPU
		{29774822-2F74-4489-BD12-BD322D463CC6}.Debug|x64.Build.0 = Debug|Any CPU
		{29774822-2F74-4489-BD12-BD322D463CC6}.Debug|x86.ActiveCfg = Debug|Any CPU
		{29774822-2F74-4489-BD12-BD322D463CC6}.Debug|x86.Build.0 = Debug|Any CPU
		{29774822-2F74-4489-BD12-BD322D463CC6}.Release|Any CPU.ActiveCfg = Release|Any CPU
		{29774822-2F74-4489-BD12-BD322D463CC6}.Release|Any CPU.Build.0 = Release|Any CPU
		{29774822-2F74-4489-BD12-BD322D463CC6}.Release|x64.ActiveCfg = Release|Any CPU
		{29774822-2F74-4489-BD12-BD322D463CC6}.Release|x64.Build.0 = Release|Any CPU
		{29774822-2F74-4489-BD12-BD322D463CC6}.Release|x86.ActiveCfg = Release|Any CPU
		{29774822-2F74-4489-BD12-BD322D463CC6}.Release|x86.Build.0 = Release|Any CPU
		{A27B35E7-2639-4BA8-AA8E-C342EEB8CC8E}.Debug|Any CPU.ActiveCfg = Debug|Any CPU
		{A27B35E7-2639-4BA8-AA8E-C342EEB8CC8E}.Debug|Any CPU.Build.0 = Debug|Any CPU
		{A27B35E7-2639-4BA8-AA8E-C342EEB8CC8E}.Debug|x64.ActiveCfg = Debug|Any CPU
		{A27B35E7-2639-4BA8-AA8E-C342EEB8CC8E}.Debug|x64.Build.0 = Debug|Any CPU
		{A27B35E7-2639-4BA8-AA8E-C342EEB8CC8E}.Debug|x86.ActiveCfg = Debug|Any CPU
		{A27B35E7-2639-4BA8-AA8E-C342EEB8CC8E}.Debug|x86.Build.0 = Debug|Any CPU
		{A27B35E7-2639-4BA8-AA8E-C342EEB8CC8E}.Release|Any CPU.ActiveCfg = Release|Any CPU
		{A27B35E7-2639-4BA8-AA8E-C342EEB8CC8E}.Release|Any CPU.Build.0 = Release|Any CPU
		{A27B35E7-2639-4BA8-AA8E-C342EEB8CC8E}.Release|x64.ActiveCfg = Release|Any CPU
		{A27B35E7-2639-4BA8-AA8E-C342EEB8CC8E}.Release|x64.Build.0 = Release|Any CPU
		{A27B35E7-2639-4BA8-AA8E-C342EEB8CC8E}.Release|x86.ActiveCfg = Release|Any CPU
		{A27B35E7-2639-4BA8-AA8E-C342EEB8CC8E}.Release|x86.Build.0 = Release|Any CPU
		{5D81BA5D-0F6E-460F-B2B0-80CDCACE5423}.Debug|Any CPU.ActiveCfg = Debug|Any CPU
		{5D81BA5D-0F6E-460F-B2B0-80CDCACE5423}.Debug|Any CPU.Build.0 = Debug|Any CPU
		{5D81BA5D-0F6E-460F-B2B0-80CDCACE5423}.Debug|x64.ActiveCfg = Debug|Any CPU
		{5D81BA5D-0F6E-460F-B2B0-80CDCACE5423}.Debug|x64.Build.0 = Debug|Any CPU
		{5D81BA5D-0F6E-460F-B2B0-80CDCACE5423}.Debug|x86.ActiveCfg = Debug|Any CPU
		{5D81BA5D-0F6E-460F-B2B0-80CDCACE5423}.Debug|x86.Build.0 = Debug|Any CPU
		{5D81BA5D-0F6E-460F-B2B0-80CDCACE5423}.Release|Any CPU.ActiveCfg = Release|Any CPU
		{5D81BA5D-0F6E-460F-B2B0-80CDCACE5423}.Release|Any CPU.Build.0 = Release|Any CPU
		{5D81BA5D-0F6E-460F-B2B0-80CDCACE5423}.Release|x64.ActiveCfg = Release|Any CPU
		{5D81BA5D-0F6E-460F-B2B0-80CDCACE5423}.Release|x64.Build.0 = Release|Any CPU
		{5D81BA5D-0F6E-460F-B2B0-80CDCACE5423}.Release|x86.ActiveCfg = Release|Any CPU
		{5D81BA5D-0F6E-460F-B2B0-80CDCACE5423}.Release|x86.Build.0 = Release|Any CPU
		{9F58BE17-9762-4A83-BD72-225403399E40}.Debug|Any CPU.ActiveCfg = Debug|Any CPU
		{9F58BE17-9762-4A83-BD72-225403399E40}.Debug|Any CPU.Build.0 = Debug|Any CPU
		{9F58BE17-9762-4A83-BD72-225403399E40}.Debug|x64.ActiveCfg = Debug|Any CPU
		{9F58BE17-9762-4A83-BD72-225403399E40}.Debug|x64.Build.0 = Debug|Any CPU
		{9F58BE17-9762-4A83-BD72-225403399E40}.Debug|x86.ActiveCfg = Debug|Any CPU
		{9F58BE17-9762-4A83-BD72-225403399E40}.Debug|x86.Build.0 = Debug|Any CPU
		{9F58BE17-9762-4A83-BD72-225403399E40}.Release|Any CPU.ActiveCfg = Release|Any CPU
		{9F58BE17-9762-4A83-BD72-225403399E40}.Release|Any CPU.Build.0 = Release|Any CPU
		{9F58BE17-9762-4A83-BD72-225403399E40}.Release|x64.ActiveCfg = Release|Any CPU
		{9F58BE17-9762-4A83-BD72-225403399E40}.Release|x64.Build.0 = Release|Any CPU
		{9F58BE17-9762-4A83-BD72-225403399E40}.Release|x86.ActiveCfg = Release|Any CPU
		{9F58BE17-9762-4A83-BD72-225403399E40}.Release|x86.Build.0 = Release|Any CPU
		{5F6BB69E-025A-496C-903C-2AAEDED4AB57}.Debug|Any CPU.ActiveCfg = Debug|Any CPU
		{5F6BB69E-025A-496C-903C-2AAEDED4AB57}.Debug|Any CPU.Build.0 = Debug|Any CPU
		{5F6BB69E-025A-496C-903C-2AAEDED4AB57}.Debug|x64.ActiveCfg = Debug|Any CPU
		{5F6BB69E-025A-496C-903C-2AAEDED4AB57}.Debug|x64.Build.0 = Debug|Any CPU
		{5F6BB69E-025A-496C-903C-2AAEDED4AB57}.Debug|x86.ActiveCfg = Debug|Any CPU
		{5F6BB69E-025A-496C-903C-2AAEDED4AB57}.Debug|x86.Build.0 = Debug|Any CPU
		{5F6BB69E-025A-496C-903C-2AAEDED4AB57}.Release|Any CPU.ActiveCfg = Release|Any CPU
		{5F6BB69E-025A-496C-903C-2AAEDED4AB57}.Release|Any CPU.Build.0 = Release|Any CPU
		{5F6BB69E-025A-496C-903C-2AAEDED4AB57}.Release|x64.ActiveCfg = Release|Any CPU
		{5F6BB69E-025A-496C-903C-2AAEDED4AB57}.Release|x64.Build.0 = Release|Any CPU
		{5F6BB69E-025A-496C-903C-2AAEDED4AB57}.Release|x86.ActiveCfg = Release|Any CPU
		{5F6BB69E-025A-496C-903C-2AAEDED4AB57}.Release|x86.Build.0 = Release|Any CPU
		{56E2B1EC-BA4F-42CC-AD7B-1063C656705C}.Debug|Any CPU.ActiveCfg = Debug|Any CPU
		{56E2B1EC-BA4F-42CC-AD7B-1063C656705C}.Debug|Any CPU.Build.0 = Debug|Any CPU
		{56E2B1EC-BA4F-42CC-AD7B-1063C656705C}.Debug|x64.ActiveCfg = Debug|Any CPU
		{56E2B1EC-BA4F-42CC-AD7B-1063C656705C}.Debug|x64.Build.0 = Debug|Any CPU
		{56E2B1EC-BA4F-42CC-AD7B-1063C656705C}.Debug|x86.ActiveCfg = Debug|Any CPU
		{56E2B1EC-BA4F-42CC-AD7B-1063C656705C}.Debug|x86.Build.0 = Debug|Any CPU
		{56E2B1EC-BA4F-42CC-AD7B-1063C656705C}.Release|Any CPU.ActiveCfg = Release|Any CPU
		{56E2B1EC-BA4F-42CC-AD7B-1063C656705C}.Release|Any CPU.Build.0 = Release|Any CPU
		{56E2B1EC-BA4F-42CC-AD7B-1063C656705C}.Release|x64.ActiveCfg = Release|Any CPU
		{56E2B1EC-BA4F-42CC-AD7B-1063C656705C}.Release|x64.Build.0 = Release|Any CPU
		{56E2B1EC-BA4F-42CC-AD7B-1063C656705C}.Release|x86.ActiveCfg = Release|Any CPU
		{56E2B1EC-BA4F-42CC-AD7B-1063C656705C}.Release|x86.Build.0 = Release|Any CPU
		{D5613D8C-9166-42A5-AAE6-6D97245CE252}.Debug|Any CPU.ActiveCfg = Debug|Any CPU
		{D5613D8C-9166-42A5-AAE6-6D97245CE252}.Debug|Any CPU.Build.0 = Debug|Any CPU
		{D5613D8C-9166-42A5-AAE6-6D97245CE252}.Release|Any CPU.ActiveCfg = Release|Any CPU
		{D5613D8C-9166-42A5-AAE6-6D97245CE252}.Release|Any CPU.Build.0 = Release|Any CPU
	EndGlobalSection
	GlobalSection(SolutionProperties) = preSolution
		HideSolutionNode = FALSE
	EndGlobalSection
	GlobalSection(NestedProjects) = preSolution
		{12A084A0-B93E-423A-6F6B-2DD437B5DD75} = {827E0CD3-B72D-47B6-A68D-7590B98EB39B}
		{4946C256-AC39-4595-96B7-F8CC7D298532} = {12A084A0-B93E-423A-6F6B-2DD437B5DD75}
		{C8E42992-5E42-0C2B-DBFE-AA848D06431C} = {827E0CD3-B72D-47B6-A68D-7590B98EB39B}
		{C8A0E64A-9C96-4F28-870E-1B1C1735D895} = {C8E42992-5E42-0C2B-DBFE-AA848D06431C}
		{BEAC1EA7-6E71-429D-A43D-A193158DC30A} = {C8E42992-5E42-0C2B-DBFE-AA848D06431C}
		{8021B683-BD8C-4955-BC54-3F3A94498AEB} = {C8E42992-5E42-0C2B-DBFE-AA848D06431C}
		{24F419E3-6BC9-427E-BC3C-9EEE7BF7E1B2} = {827E0CD3-B72D-47B6-A68D-7590B98EB39B}
		{7B66EE4D-3EFE-4C38-AF85-29EEBC738EBE} = {24F419E3-6BC9-427E-BC3C-9EEE7BF7E1B2}
		{BB182982-8CBE-430C-B1AA-45E9EFEDA61C} = {7B66EE4D-3EFE-4C38-AF85-29EEBC738EBE}
		{A3C4BE81-F55D-4396-A988-C9D3BCE3245A} = {7B66EE4D-3EFE-4C38-AF85-29EEBC738EBE}
		{BBAE9D5F-104B-4E67-A713-9984A476D073} = {BA796319-ED73-4D4D-B4F1-4DCE4EA76513}
		{759E26B4-186F-7423-2DD4-7306E18692EE} = {24F419E3-6BC9-427E-BC3C-9EEE7BF7E1B2}
		{92AC2DF5-E06E-430C-8D86-85149673A61F} = {759E26B4-186F-7423-2DD4-7306E18692EE}
		{4FDD22C4-5F73-4978-80F9-1B503B025BCE} = {759E26B4-186F-7423-2DD4-7306E18692EE}
		{DD92EBCE-5980-466F-AC7A-EE48B8836887} = {BA796319-ED73-4D4D-B4F1-4DCE4EA76513}
		{2E490EAD-8534-4E94-B925-F0C6CD4BCEA4} = {BA796319-ED73-4D4D-B4F1-4DCE4EA76513}
		{61DF3A5F-ECAF-FD9D-AE18-84CDACBA460C} = {24F419E3-6BC9-427E-BC3C-9EEE7BF7E1B2}
		{970497CD-E9E6-4599-8162-DA53ABBE9A19} = {61DF3A5F-ECAF-FD9D-AE18-84CDACBA460C}
		{A7A09A24-91E8-4D30-94C5-4339581D5218} = {61DF3A5F-ECAF-FD9D-AE18-84CDACBA460C}
		{29774822-2F74-4489-BD12-BD322D463CC6} = {BA796319-ED73-4D4D-B4F1-4DCE4EA76513}
		{E2478613-D002-58B8-53D0-493BAC2DAABE} = {24F419E3-6BC9-427E-BC3C-9EEE7BF7E1B2}
		{A27B35E7-2639-4BA8-AA8E-C342EEB8CC8E} = {E2478613-D002-58B8-53D0-493BAC2DAABE}
		{5D81BA5D-0F6E-460F-B2B0-80CDCACE5423} = {E2478613-D002-58B8-53D0-493BAC2DAABE}
		{9F58BE17-9762-4A83-BD72-225403399E40} = {BA796319-ED73-4D4D-B4F1-4DCE4EA76513}
		{BF6A204B-50D0-4CC3-9436-D55429062ED2} = {24F419E3-6BC9-427E-BC3C-9EEE7BF7E1B2}
		{5F6BB69E-025A-496C-903C-2AAEDED4AB57} = {BF6A204B-50D0-4CC3-9436-D55429062ED2}
		{56E2B1EC-BA4F-42CC-AD7B-1063C656705C} = {BA796319-ED73-4D4D-B4F1-4DCE4EA76513}
		{D5613D8C-9166-42A5-AAE6-6D97245CE252} = {BA796319-ED73-4D4D-B4F1-4DCE4EA76513}
	EndGlobalSection
EndGlobal
